
Microsoft Visual Studio Solution File, Format Version 11.00
# Visual Studio 2010
Project("{8BC9CEB8-8B4A-11D0-8D11-00A0C91BC942}") = "Temp", "Temp\Temp.vcxproj", "{A43526A2-1429-4B42-BD84-F348900AC469}"
EndProject
Global
	GlobalSection(SolutionConfigurationPlatforms) = preSolution
		Debug|Win32 = Debug|Win32
		Release|Win32 = Release|Win32
	EndGlobalSection
	GlobalSection(ProjectConfigurationPlatforms) = postSolution
		{A43526A2-1429-4B42-BD84-F348900AC469}.Debug|Win32.ActiveCfg = Debug|Win32
		{A43526A2-1429-4B42-BD84-F348900AC469}.Debug|Win32.Build.0 = Debug|Win32
		{A43526A2-1429-4B42-BD84-F348900AC469}.Release|Win32.ActiveCfg = Release|Win32
		{A43526A2-1429-4B42-BD84-F348900AC469}.Release|Win32.Build.0 = Release|Win32
	EndGlobalSection
	GlobalSection(SolutionProperties) = preSolution
		HideSolutionNode = FALSE
	EndGlobalSection
EndGlobal
